
Microsoft Visual Studio Solution File, Format Version 12.00
# Visual Studio Version 17
VisualStudioVersion = 17.0.31903.59
MinimumVisualStudioVersion = 10.0.40219.1
Project("{FAE04EC0-301F-11D3-BF4B-00C04F79EFBC}") = "Orbit.Domain", "Orbit.Domain\Orbit.Domain.csproj", "{5DD5E016-447B-4D5D-BA39-819DD1C0504C}"
EndProject
Project("{FAE04EC0-301F-11D3-BF4B-00C04F79EFBC}") = "Orbit.Application", "Orbit.Application\Orbit.Application.csproj", "{F2C90C72-5885-450C-BD6E-78849ED89DC2}"
EndProject
Project("{FAE04EC0-301F-11D3-BF4B-00C04F79EFBC}") = "Orbit.Infrastructure", "Orbit.Infrastructure\Orbit.Infrastructure.csproj", "{BBAD2408-AEA5-4A8A-B5BA-C9F9E485DF22}"
EndProject
Project("{FAE04EC0-301F-11D3-BF4B-00C04F79EFBC}") = "Orbit.Web", "Orbit.Web\Orbit.Web.csproj", "{46ACC76F-A4F9-4270-A513-7A81D016A0B5}"
EndProject
Project("{FAE04EC0-301F-11D3-BF4B-00C04F79EFBC}") = "Orbit.API", "Orbit.API\Orbit.API.csproj", "{5EF82056-B798-4329-B1D0-6A661FA489D5}"
EndProject
Project("{FAE04EC0-301F-11D3-BF4B-00C04F79EFBC}") = "Orbit.Tests", "Orbit.Tests\Orbit.Tests.csproj", "{B6177295-AC5F-419A-9248-6E8B090DD72D}"
EndProject
Global
	GlobalSection(SolutionConfigurationPlatforms) = preSolution
		Debug|Any CPU = Debug|Any CPU
		Debug|x64 = Debug|x64
		Debug|x86 = Debug|x86
		Release|Any CPU = Release|Any CPU
		Release|x64 = Release|x64
		Release|x86 = Release|x86
	EndGlobalSection
	GlobalSection(ProjectConfigurationPlatforms) = postSolution
		{5DD5E016-447B-4D5D-BA39-819DD1C0504C}.Debug|Any CPU.ActiveCfg = Debug|Any CPU
		{5DD5E016-447B-4D5D-BA39-819DD1C0504C}.Debug|Any CPU.Build.0 = Debug|Any CPU
		{5DD5E016-447B-4D5D-BA39-819DD1C0504C}.Debug|x64.ActiveCfg = Debug|Any CPU
		{5DD5E016-447B-4D5D-BA39-819DD1C0504C}.Debug|x64.Build.0 = Debug|Any CPU
		{5DD5E016-447B-4D5D-BA39-819DD1C0504C}.Debug|x86.ActiveCfg = Debug|Any CPU
		{5DD5E016-447B-4D5D-BA39-819DD1C0504C}.Debug|x86.Build.0 = Debug|Any CPU
		{5DD5E016-447B-4D5D-BA39-819DD1C0504C}.Release|Any CPU.ActiveCfg = Release|Any CPU
		{5DD5E016-447B-4D5D-BA39-819DD1C0504C}.Release|Any CPU.Build.0 = Release|Any CPU
		{5DD5E016-447B-4D5D-BA39-819DD1C0504C}.Release|x64.ActiveCfg = Release|Any CPU
		{5DD5E016-447B-4D5D-BA39-819DD1C0504C}.Release|x64.Build.0 = Release|Any CPU
		{5DD5E016-447B-4D5D-BA39-819DD1C0504C}.Release|x86.ActiveCfg = Release|Any CPU
		{5DD5E016-447B-4D5D-BA39-819DD1C0504C}.Release|x86.Build.0 = Release|Any CPU
		{F2C90C72-5885-450C-BD6E-78849ED89DC2}.Debug|Any CPU.ActiveCfg = Debug|Any CPU
		{F2C90C72-5885-450C-BD6E-78849ED89DC2}.Debug|Any CPU.Build.0 = Debug|Any CPU
		{F2C90C72-5885-450C-BD6E-78849ED89DC2}.Debug|x64.ActiveCfg = Debug|Any CPU
		{F2C90C72-5885-450C-BD6E-78849ED89DC2}.Debug|x64.Build.0 = Debug|Any CPU
		{F2C90C72-5885-450C-BD6E-78849ED89DC2}.Debug|x86.ActiveCfg = Debug|Any CPU
		{F2C90C72-5885-450C-BD6E-78849ED89DC2}.Debug|x86.Build.0 = Debug|Any CPU
		{F2C90C72-5885-450C-BD6E-78849ED89DC2}.Release|Any CPU.ActiveCfg = Release|Any CPU
		{F2C90C72-5885-450C-BD6E-78849ED89DC2}.Release|Any CPU.Build.0 = Release|Any CPU
		{F2C90C72-5885-450C-BD6E-78849ED89DC2}.Release|x64.ActiveCfg = Release|Any CPU
		{F2C90C72-5885-450C-BD6E-78849ED89DC2}.Release|x64.Build.0 = Release|Any CPU
		{F2C90C72-5885-450C-BD6E-78849ED89DC2}.Release|x86.ActiveCfg = Release|Any CPU
		{F2C90C72-5885-450C-BD6E-78849ED89DC2}.Release|x86.Build.0 = Release|Any CPU
		{BBAD2408-AEA5-4A8A-B5BA-C9F9E485DF22}.Debug|Any CPU.ActiveCfg = Debug|Any CPU
		{BBAD2408-AEA5-4A8A-B5BA-C9F9E485DF22}.Debug|Any CPU.Build.0 = Debug|Any CPU
		{BBAD2408-AEA5-4A8A-B5BA-C9F9E485DF22}.Debug|x64.ActiveCfg = Debug|Any CPU
		{BBAD2408-AEA5-4A8A-B5BA-C9F9E485DF22}.Debug|x64.Build.0 = Debug|Any CPU
		{BBAD2408-AEA5-4A8A-B5BA-C9F9E485DF22}.Debug|x86.ActiveCfg = Debug|Any CPU
		{BBAD2408-AEA5-4A8A-B5BA-C9F9E485DF22}.Debug|x86.Build.0 = Debug|Any CPU
		{BBAD2408-AEA5-4A8A-B5BA-C9F9E485DF22}.Release|Any CPU.ActiveCfg = Release|Any CPU
		{BBAD2408-AEA5-4A8A-B5BA-C9F9E485DF22}.Release|Any CPU.Build.0 = Release|Any CPU
		{BBAD2408-AEA5-4A8A-B5BA-C9F9E485DF22}.Release|x64.ActiveCfg = Release|Any CPU
		{BBAD2408-AEA5-4A8A-B5BA-C9F9E485DF22}.Release|x64.Build.0 = Release|Any CPU
		{BBAD2408-AEA5-4A8A-B5BA-C9F9E485DF22}.Release|x86.ActiveCfg = Release|Any CPU
		{BBAD2408-AEA5-4A8A-B5BA-C9F9E485DF22}.Release|x86.Build.0 = Release|Any CPU
		{46ACC76F-A4F9-4270-A513-7A81D016A0B5}.Debug|Any CPU.ActiveCfg = Debug|Any CPU
		{46ACC76F-A4F9-4270-A513-7A81D016A0B5}.Debug|Any CPU.Build.0 = Debug|Any CPU
		{46ACC76F-A4F9-4270-A513-7A81D016A0B5}.Debug|x64.ActiveCfg = Debug|Any CPU
		{46ACC76F-A4F9-4270-A513-7A81D016A0B5}.Debug|x64.Build.0 = Debug|Any CPU
		{46ACC76F-A4F9-4270-A513-7A81D016A0B5}.Debug|x86.ActiveCfg = Debug|Any CPU
		{46ACC76F-A4F9-4270-A513-7A81D016A0B5}.Debug|x86.Build.0 = Debug|Any CPU
		{46ACC76F-A4F9-4270-A513-7A81D016A0B5}.Release|Any CPU.ActiveCfg = Release|Any CPU
		{46ACC76F-A4F9-4270-A513-7A81D016A0B5}.Release|Any CPU.Build.0 = Release|Any CPU
		{46ACC76F-A4F9-4270-A513-7A81D016A0B5}.Release|x64.ActiveCfg = Release|Any CPU
		{46ACC76F-A4F9-4270-A513-7A81D016A0B5}.Release|x64.Build.0 = Release|Any CPU
		{46ACC76F-A4F9-4270-A513-7A81D016A0B5}.Release|x86.ActiveCfg = Release|Any CPU
		{46ACC76F-A4F9-4270-A513-7A81D016A0B5}.Release|x86.Build.0 = Release|Any CPU
		{5EF82056-B798-4329-B1D0-6A661FA489D5}.Debug|Any CPU.ActiveCfg = Debug|Any CPU
		{5EF82056-B798-4329-B1D0-6A661FA489D5}.Debug|Any CPU.Build.0 = Debug|Any CPU
		{5EF82056-B798-4329-B1D0-6A661FA489D5}.Debug|x64.ActiveCfg = Debug|Any CPU
		{5EF82056-B798-4329-B1D0-6A661FA489D5}.Debug|x64.Build.0 = Debug|Any CPU
		{5EF82056-B798-4329-B1D0-6A661FA489D5}.Debug|x86.ActiveCfg = Debug|Any CPU
		{5EF82056-B798-4329-B1D0-6A661FA489D5}.Debug|x86.Build.0 = Debug|Any CPU
		{5EF82056-B798-4329-B1D0-6A661FA489D5}.Release|Any CPU.ActiveCfg = Release|Any CPU
		{5EF82056-B798-4329-B1D0-6A661FA489D5}.Release|Any CPU.Build.0 = Release|Any CPU
		{5EF82056-B798-4329-B1D0-6A661FA489D5}.Release|x64.ActiveCfg = Release|Any CPU
		{5EF82056-B798-4329-B1D0-6A661FA489D5}.Release|x64.Build.0 = Release|Any CPU
		{5EF82056-B798-4329-B1D0-6A661FA489D5}.Release|x86.ActiveCfg = Release|Any CPU
		{5EF82056-B798-4329-B1D0-6A661FA489D5}.Release|x86.Build.0 = Release|Any CPU
		{B6177295-AC5F-419A-9248-6E8B090DD72D}.Debug|Any CPU.ActiveCfg = Debug|Any CPU
		{B6177295-AC5F-419A-9248-6E8B090DD72D}.Debug|Any CPU.Build.0 = Debug|Any CPU
		{B6177295-AC5F-419A-9248-6E8B090DD72D}.Debug|x64.ActiveCfg = Debug|Any CPU
		{B6177295-AC5F-419A-9248-6E8B090DD72D}.Debug|x64.Build.0 = Debug|Any CPU
		{B6177295-AC5F-419A-9248-6E8B090DD72D}.Debug|x86.ActiveCfg = Debug|Any CPU
		{B6177295-AC5F-419A-9248-6E8B090DD72D}.Debug|x86.Build.0 = Debug|Any CPU
		{B6177295-AC5F-419A-9248-6E8B090DD72D}.Release|Any CPU.ActiveCfg = Release|Any CPU
		{B6177295-AC5F-419A-9248-6E8B090DD72D}.Release|Any CPU.Build.0 = Release|Any CPU
		{B6177295-AC5F-419A-9248-6E8B090DD72D}.Release|x64.ActiveCfg = Release|Any CPU
		{B6177295-AC5F-419A-9248-6E8B090DD72D}.Release|x64.Build.0 = Release|Any CPU
		{B6177295-AC5F-419A-9248-6E8B090DD72D}.Release|x86.ActiveCfg = Release|Any CPU
		{B6177295-AC5F-419A-9248-6E8B090DD72D}.Release|x86.Build.0 = Release|Any CPU
	EndGlobalSection
	GlobalSection(SolutionProperties) = preSolution
		HideSolutionNode = FALSE
	EndGlobalSection
EndGlobal
